
Microsoft Visual Studio Solution File, Format Version 12.00
# Visual Studio Version 16
VisualStudioVersion = 16.0.809.4
MinimumVisualStudioVersion = 10.0.40219.1
Project("{FAE04EC0-301F-11D3-BF4B-00C04F79EFBC}") = "MasterMind", "MasterMind\MasterMind.csproj", "{DFAC212B-3565-4A47-9E34-9713187A1AB7}"
EndProject
Global
	GlobalSection(SolutionConfigurationPlatforms) = preSolution
		Debug|Any CPU = Debug|Any CPU
		Release|Any CPU = Release|Any CPU
	EndGlobalSection
	GlobalSection(ProjectConfigurationPlatforms) = postSolution
		{DFAC212B-3565-4A47-9E34-9713187A1AB7}.Debug|Any CPU.ActiveCfg = Debug|Any CPU
		{DFAC212B-3565-4A47-9E34-9713187A1AB7}.Debug|Any CPU.Build.0 = Debug|Any CPU
		{DFAC212B-3565-4A47-9E34-9713187A1AB7}.Release|Any CPU.ActiveCfg = Release|Any CPU
		{DFAC212B-3565-4A47-9E34-9713187A1AB7}.Release|Any CPU.Build.0 = Release|Any CPU
	EndGlobalSection
	GlobalSection(SolutionProperties) = preSolution
		HideSolutionNode = FALSE
	EndGlobalSection
	GlobalSection(ExtensibilityGlobals) = postSolution
		SolutionGuid = {374BDAF9-0CE1-44DD-9364-1FC00C0D7831}
	EndGlobalSection
EndGlobal
